
Microsoft Visual Studio Solution File, Format Version 12.00
# Visual Studio 15
VisualStudioVersion = 15.0.28307.421
MinimumVisualStudioVersion = 10.0.40219.1
Project("{FAE04EC0-301F-11D3-BF4B-00C04F79EFBC}") = "lab4", "lab4\lab4.csproj", "{96F8C576-B3C2-4B58-8D10-8BB4071BAADD}"
EndProject
Global
	GlobalSection(SolutionConfigurationPlatforms) = preSolution
		Debug|Any CPU = Debug|Any CPU
		Release|Any CPU = Release|Any CPU
	EndGlobalSection
	GlobalSection(ProjectConfigurationPlatforms) = postSolution
		{96F8C576-B3C2-4B58-8D10-8BB4071BAADD}.Debug|Any CPU.ActiveCfg = Debug|Any CPU
		{96F8C576-B3C2-4B58-8D10-8BB4071BAADD}.Debug|Any CPU.Build.0 = Debug|Any CPU
		{96F8C576-B3C2-4B58-8D10-8BB4071BAADD}.Release|Any CPU.ActiveCfg = Release|Any CPU
		{96F8C576-B3C2-4B58-8D10-8BB4071BAADD}.Release|Any CPU.Build.0 = Release|Any CPU
	EndGlobalSection
	GlobalSection(SolutionProperties) = preSolution
		HideSolutionNode = FALSE
	EndGlobalSection
	GlobalSection(ExtensibilityGlobals) = postSolution
		SolutionGuid = {3195C0E7-4AD9-4466-A241-118F8DEB4EF8}
	EndGlobalSection
EndGlobal
